
Microsoft Visual Studio Solution File, Format Version 12.00
# Visual Studio Version 16
VisualStudioVersion = 16.0.32630.194
MinimumVisualStudioVersion = 10.0.40219.1
Project("{FAE04EC0-301F-11D3-BF4B-00C04F79EFBC}") = "MyCoffeeApp.WebAPI", "MyCoffeeApp.WebAPI.csproj", "{CC5E2126-0B99-49F5-B1DB-D9E65F8DE4A8}"
EndProject
Global
	GlobalSection(SolutionConfigurationPlatforms) = preSolution
		Debug|Any CPU = Debug|Any CPU
		Release|Any CPU = Release|Any CPU
	EndGlobalSection
	GlobalSection(ProjectConfigurationPlatforms) = postSolution
		{CC5E2126-0B99-49F5-B1DB-D9E65F8DE4A8}.Debug|Any CPU.ActiveCfg = Debug|Any CPU
		{CC5E2126-0B99-49F5-B1DB-D9E65F8DE4A8}.Debug|Any CPU.Build.0 = Debug|Any CPU
		{CC5E2126-0B99-49F5-B1DB-D9E65F8DE4A8}.Release|Any CPU.ActiveCfg = Release|Any CPU
		{CC5E2126-0B99-49F5-B1DB-D9E65F8DE4A8}.Release|Any CPU.Build.0 = Release|Any CPU
	EndGlobalSection
	GlobalSection(SolutionProperties) = preSolution
		HideSolutionNode = FALSE
	EndGlobalSection
	GlobalSection(ExtensibilityGlobals) = postSolution
		SolutionGuid = {3ED175D1-BD64-401D-8A99-B278BD599381}
	EndGlobalSection
EndGlobal
